// !$*UTF8*$!
{
	archiveVersion = 1;
	classes = {
	};
	objectVersion = 50;
	objects = {

/* Begin PBXBuildFile section */
		BA31F89E241C192E003E9BBB /* AppDelegate.swift in Sources */ = {isa = PBXBuildFile; fileRef = BA31F89D241C192E003E9BBB /* AppDelegate.swift */; };
		BA31F8A5241C192E003E9BBB /* Main.storyboard in Resources */ = {isa = PBXBuildFile; fileRef = BA31F8A3241C192E003E9BBB /* Main.storyboard */; };
		BA31F8A8241C192E003E9BBB /* StackOverFlowApp.xcdatamodeld in Sources */ = {isa = PBXBuildFile; fileRef = BA31F8A6241C192E003E9BBB /* StackOverFlowApp.xcdatamodeld */; };
		BA31F8AA241C192F003E9BBB /* Assets.xcassets in Resources */ = {isa = PBXBuildFile; fileRef = BA31F8A9241C192F003E9BBB /* Assets.xcassets */; };
		BA31F8AD241C192F003E9BBB /* LaunchScreen.storyboard in Resources */ = {isa = PBXBuildFile; fileRef = BA31F8AB241C192F003E9BBB /* LaunchScreen.storyboard */; };
		BA31F8B7241C1A77003E9BBB /* Question.swift in Sources */ = {isa = PBXBuildFile; fileRef = BA31F8B6241C1A77003E9BBB /* Question.swift */; };
		BA31F8BA241C1CFB003E9BBB /* NetworkManager.swift in Sources */ = {isa = PBXBuildFile; fileRef = BA31F8B9241C1CFB003E9BBB /* NetworkManager.swift */; };
		BA31F8C0241C28DD003E9BBB /* QuestionCell.swift in Sources */ = {isa = PBXBuildFile; fileRef = BA31F8BE241C28DD003E9BBB /* QuestionCell.swift */; };
		BA31F8C1241C28DD003E9BBB /* QuestionCell.xib in Resources */ = {isa = PBXBuildFile; fileRef = BA31F8BF241C28DD003E9BBB /* QuestionCell.xib */; };
		BA460E6D241F5417000D541C /* ProfileViewController.swift in Sources */ = {isa = PBXBuildFile; fileRef = BA460E6C241F5417000D541C /* ProfileViewController.swift */; };
		BA460E70241F5807000D541C /* UserProfile.swift in Sources */ = {isa = PBXBuildFile; fileRef = BA460E6F241F5807000D541C /* UserProfile.swift */; };
		BAAE6392241C3B27001DC2CF /* QuestionDetailViewController.swift in Sources */ = {isa = PBXBuildFile; fileRef = BAAE6391241C3B27001DC2CF /* QuestionDetailViewController.swift */; };
		BAAE6394241EA11F001DC2CF /* QuestionViewController.swift in Sources */ = {isa = PBXBuildFile; fileRef = BAAE6393241EA11F001DC2CF /* QuestionViewController.swift */; };
		BAAE6397241EA1BD001DC2CF /* String+Ext.swift in Sources */ = {isa = PBXBuildFile; fileRef = BAAE6396241EA1BD001DC2CF /* String+Ext.swift */; };
		BACFD0D9241F382C00E18BB5 /* ImageLoader.swift in Sources */ = {isa = PBXBuildFile; fileRef = BACFD0D8241F382C00E18BB5 /* ImageLoader.swift */; };
		BACFD0DB241F3A1A00E18BB5 /* Answer.swift in Sources */ = {isa = PBXBuildFile; fileRef = BACFD0DA241F3A1A00E18BB5 /* Answer.swift */; };
		BACFD0E0241F3D7900E18BB5 /* AnswerCell.swift in Sources */ = {isa = PBXBuildFile; fileRef = BACFD0DE241F3D7900E18BB5 /* AnswerCell.swift */; };
		BACFD0E1241F3D7900E18BB5 /* AnswerCell.xib in Resources */ = {isa = PBXBuildFile; fileRef = BACFD0DF241F3D7900E18BB5 /* AnswerCell.xib */; };
/* End PBXBuildFile section */

/* Begin PBXFileReference section */
		BA31F89A241C192E003E9BBB /* StackOverFlowApp.app */ = {isa = PBXFileReference; explicitFileType = wrapper.application; includeInIndex = 0; path = StackOverFlowApp.app; sourceTree = BUILT_PRODUCTS_DIR; };
		BA31F89D241C192E003E9BBB /* AppDelegate.swift */ = {isa = PBXFileReference; lastKnownFileType = sourcecode.swift; path = AppDelegate.swift; sourceTree = "<group>"; };
		BA31F8A4241C192E003E9BBB /* Base */ = {isa = PBXFileReference; lastKnownFileType = file.storyboard; name = Base; path = Base.lproj/Main.storyboard; sourceTree = "<group>"; };
		BA31F8A7241C192E003E9BBB /* StackOverFlowApp.xcdatamodel */ = {isa = PBXFileReference; lastKnownFileType = wrapper.xcdatamodel; path = StackOverFlowApp.xcdatamodel; sourceTree = "<group>"; };
		BA31F8A9241C192F003E9BBB /* Assets.xcassets */ = {isa = PBXFileReference; lastKnownFileType = folder.assetcatalog; path = Assets.xcassets; sourceTree = "<group>"; };
		BA31F8AC241C192F003E9BBB /* Base */ = {isa = PBXFileReference; lastKnownFileType = file.storyboard; name = Base; path = Base.lproj/LaunchScreen.storyboard; sourceTree = "<group>"; };
		BA31F8AE241C192F003E9BBB /* Info.plist */ = {isa = PBXFileReference; lastKnownFileType = text.plist.xml; path = Info.plist; sourceTree = "<group>"; };
		BA31F8B6241C1A77003E9BBB /* Question.swift */ = {isa = PBXFileReference; lastKnownFileType = sourcecode.swift; path = Question.swift; sourceTree = "<group>"; };
		BA31F8B9241C1CFB003E9BBB /* NetworkManager.swift */ = {isa = PBXFileReference; lastKnownFileType = sourcecode.swift; path = NetworkManager.swift; sourceTree = "<group>"; };
		BA31F8BE241C28DD003E9BBB /* QuestionCell.swift */ = {isa = PBXFileReference; lastKnownFileType = sourcecode.swift; path = QuestionCell.swift; sourceTree = "<group>"; };
		BA31F8BF241C28DD003E9BBB /* QuestionCell.xib */ = {isa = PBXFileReference; lastKnownFileType = file.xib; path = QuestionCell.xib; sourceTree = "<group>"; };
		BA460E6C241F5417000D541C /* ProfileViewController.swift */ = {isa = PBXFileReference; lastKnownFileType = sourcecode.swift; path = ProfileViewController.swift; sourceTree = "<group>"; };
		BA460E6F241F5807000D541C /* UserProfile.swift */ = {isa = PBXFileReference; lastKnownFileType = sourcecode.swift; path = UserProfile.swift; sourceTree = "<group>"; };
		BAAE6391241C3B27001DC2CF /* QuestionDetailViewController.swift */ = {isa = PBXFileReference; lastKnownFileType = sourcecode.swift; path = QuestionDetailViewController.swift; sourceTree = "<group>"; };
		BAAE6393241EA11F001DC2CF /* QuestionViewController.swift */ = {isa = PBXFileReference; lastKnownFileType = sourcecode.swift; path = QuestionViewController.swift; sourceTree = "<group>"; };
		BAAE6396241EA1BD001DC2CF /* String+Ext.swift */ = {isa = PBXFileReference; lastKnownFileType = sourcecode.swift; path = "String+Ext.swift"; sourceTree = "<group>"; };
		BACFD0D8241F382C00E18BB5 /* ImageLoader.swift */ = {isa = PBXFileReference; lastKnownFileType = sourcecode.swift; path = ImageLoader.swift; sourceTree = "<group>"; };
		BACFD0DA241F3A1A00E18BB5 /* Answer.swift */ = {isa = PBXFileReference; lastKnownFileType = sourcecode.swift; path = Answer.swift; sourceTree = "<group>"; };
		BACFD0DE241F3D7900E18BB5 /* AnswerCell.swift */ = {isa = PBXFileReference; lastKnownFileType = sourcecode.swift; path = AnswerCell.swift; sourceTree = "<group>"; };
		BACFD0DF241F3D7900E18BB5 /* AnswerCell.xib */ = {isa = PBXFileReference; lastKnownFileType = file.xib; path = AnswerCell.xib; sourceTree = "<group>"; };
/* End PBXFileReference section */

/* Begin PBXFrameworksBuildPhase section */
		BA31F897241C192E003E9BBB /* Frameworks */ = {
			isa = PBXFrameworksBuildPhase;
			buildActionMask = 2147483647;
			files = (
			);
			runOnlyForDeploymentPostprocessing = 0;
		};
/* End PBXFrameworksBuildPhase section */

/* Begin PBXGroup section */
		BA31F891241C192E003E9BBB = {
			isa = PBXGroup;
			children = (
				BA31F89C241C192E003E9BBB /* StackOverFlowApp */,
				BA31F89B241C192E003E9BBB /* Products */,
			);
			sourceTree = "<group>";
		};
		BA31F89B241C192E003E9BBB /* Products */ = {
			isa = PBXGroup;
			children = (
				BA31F89A241C192E003E9BBB /* StackOverFlowApp.app */,
			);
			name = Products;
			sourceTree = "<group>";
		};
		BA31F89C241C192E003E9BBB /* StackOverFlowApp */ = {
			isa = PBXGroup;
			children = (
				BAAE6395241EA1A7001DC2CF /* Helpers */,
				BA31F8BB241C26CF003E9BBB /* PresentationLayer */,
				BA31F8B4241C19E1003E9BBB /* NetworkLayer */,
				BA31F89D241C192E003E9BBB /* AppDelegate.swift */,
				BA31F8A3241C192E003E9BBB /* Main.storyboard */,
				BA31F8A9241C192F003E9BBB /* Assets.xcassets */,
				BA31F8AB241C192F003E9BBB /* LaunchScreen.storyboard */,
				BA31F8AE241C192F003E9BBB /* Info.plist */,
				BA31F8A6241C192E003E9BBB /* StackOverFlowApp.xcdatamodeld */,
			);
			path = StackOverFlowApp;
			sourceTree = "<group>";
		};
		BA31F8B4241C19E1003E9BBB /* NetworkLayer */ = {
			isa = PBXGroup;
			children = (
				BA31F8B8241C1CE7003E9BBB /* NetworkManager */,
				BA31F8B5241C19F1003E9BBB /* NetworkModels */,
			);
			path = NetworkLayer;
			sourceTree = "<group>";
		};
		BA31F8B5241C19F1003E9BBB /* NetworkModels */ = {
			isa = PBXGroup;
			children = (
				BA31F8B6241C1A77003E9BBB /* Question.swift */,
				BACFD0DA241F3A1A00E18BB5 /* Answer.swift */,
				BA460E6F241F5807000D541C /* UserProfile.swift */,
			);
			path = NetworkModels;
			sourceTree = "<group>";
		};
		BA31F8B8241C1CE7003E9BBB /* NetworkManager */ = {
			isa = PBXGroup;
			children = (
				BA31F8B9241C1CFB003E9BBB /* NetworkManager.swift */,
			);
			path = NetworkManager;
			sourceTree = "<group>";
		};
		BA31F8BB241C26CF003E9BBB /* PresentationLayer */ = {
			isa = PBXGroup;
			children = (
				BA460E6E241F541C000D541C /* Profile */,
				BAAE6390241C3AFF001DC2CF /* QuestionDetail */,
				BA31F8BC241C2710003E9BBB /* Questions */,
			);
			path = PresentationLayer;
			sourceTree = "<group>";
		};
		BA31F8BC241C2710003E9BBB /* Questions */ = {
			isa = PBXGroup;
			children = (
				BAAE6393241EA11F001DC2CF /* QuestionViewController.swift */,
				BA31F8BD241C28B8003E9BBB /* Cell */,
			);
			path = Questions;
			sourceTree = "<group>";
		};
		BA31F8BD241C28B8003E9BBB /* Cell */ = {
			isa = PBXGroup;
			children = (
				BA31F8BE241C28DD003E9BBB /* QuestionCell.swift */,
				BA31F8BF241C28DD003E9BBB /* QuestionCell.xib */,
			);
			path = Cell;
			sourceTree = "<group>";
		};
		BA460E6E241F541C000D541C /* Profile */ = {
			isa = PBXGroup;
			children = (
				BA460E6C241F5417000D541C /* ProfileViewController.swift */,
			);
			path = Profile;
			sourceTree = "<group>";
		};
		BAAE6390241C3AFF001DC2CF /* QuestionDetail */ = {
			isa = PBXGroup;
			children = (
				BACFD0DC241F3D5800E18BB5 /* Cell */,
				BAAE6391241C3B27001DC2CF /* QuestionDetailViewController.swift */,
			);
			path = QuestionDetail;
			sourceTree = "<group>";
		};
		BAAE6395241EA1A7001DC2CF /* Helpers */ = {
			isa = PBXGroup;
			children = (
				BAAE6396241EA1BD001DC2CF /* String+Ext.swift */,
				BACFD0D8241F382C00E18BB5 /* ImageLoader.swift */,
			);
			path = Helpers;
			sourceTree = "<group>";
		};
		BACFD0DC241F3D5800E18BB5 /* Cell */ = {
			isa = PBXGroup;
			children = (
				BACFD0DE241F3D7900E18BB5 /* AnswerCell.swift */,
				BACFD0DF241F3D7900E18BB5 /* AnswerCell.xib */,
			);
			path = Cell;
			sourceTree = "<group>";
		};
/* End PBXGroup section */

/* Begin PBXNativeTarget section */
		BA31F899241C192E003E9BBB /* StackOverFlowApp */ = {
			isa = PBXNativeTarget;
			buildConfigurationList = BA31F8B1241C192F003E9BBB /* Build configuration list for PBXNativeTarget "StackOverFlowApp" */;
			buildPhases = (
				BA31F896241C192E003E9BBB /* Sources */,
				BA31F897241C192E003E9BBB /* Frameworks */,
				BA31F898241C192E003E9BBB /* Resources */,
			);
			buildRules = (
			);
			dependencies = (
			);
			name = StackOverFlowApp;
			productName = StackOverFlowApp;
			productReference = BA31F89A241C192E003E9BBB /* StackOverFlowApp.app */;
			productType = "com.apple.product-type.application";
		};
/* End PBXNativeTarget section */

/* Begin PBXProject section */
		BA31F892241C192E003E9BBB /* Project object */ = {
			isa = PBXProject;
			attributes = {
				LastSwiftUpdateCheck = 1130;
				LastUpgradeCheck = 1130;
				ORGANIZATIONNAME = "Veaceslav Chirita";
				TargetAttributes = {
					BA31F899241C192E003E9BBB = {
						CreatedOnToolsVersion = 11.3.1;
					};
				};
			};
			buildConfigurationList = BA31F895241C192E003E9BBB /* Build configuration list for PBXProject "StackOverFlowApp" */;
			compatibilityVersion = "Xcode 9.3";
			developmentRegion = en;
			hasScannedForEncodings = 0;
			knownRegions = (
				en,
				Base,
			);
			mainGroup = BA31F891241C192E003E9BBB;
			productRefGroup = BA31F89B241C192E003E9BBB /* Products */;
			projectDirPath = "";
			projectRoot = "";
			targets = (
				BA31F899241C192E003E9BBB /* StackOverFlowApp */,
			);
		};
/* End PBXProject section */

/* Begin PBXResourcesBuildPhase section */
		BA31F898241C192E003E9BBB /* Resources */ = {
			isa = PBXResourcesBuildPhase;
			buildActionMask = 2147483647;
			files = (
				BA31F8AD241C192F003E9BBB /* LaunchScreen.storyboard in Resources */,
				BA31F8C1241C28DD003E9BBB /* QuestionCell.xib in Resources */,
				BACFD0E1241F3D7900E18BB5 /* AnswerCell.xib in Resources */,
				BA31F8AA241C192F003E9BBB /* Assets.xcassets in Resources */,
				BA31F8A5241C192E003E9BBB /* Main.storyboard in Resources */,
			);
			runOnlyForDeploymentPostprocessing = 0;
		};
/* End PBXResourcesBuildPhase section */

/* Begin PBXSourcesBuildPhase section */
		BA31F896241C192E003E9BBB /* Sources */ = {
			isa = PBXSourcesBuildPhase;
			buildActionMask = 2147483647;
			files = (
				BAAE6394241EA11F001DC2CF /* QuestionViewController.swift in Sources */,
				BA31F8A8241C192E003E9BBB /* StackOverFlowApp.xcdatamodeld in Sources */,
				BA31F8B7241C1A77003E9BBB /* Question.swift in Sources */,
				BA31F8BA241C1CFB003E9BBB /* NetworkManager.swift in Sources */,
				BAAE6392241C3B27001DC2CF /* QuestionDetailViewController.swift in Sources */,
				BACFD0D9241F382C00E18BB5 /* ImageLoader.swift in Sources */,
				BA460E6D241F5417000D541C /* ProfileViewController.swift in Sources */,
				BA31F8C0241C28DD003E9BBB /* QuestionCell.swift in Sources */,
				BACFD0DB241F3A1A00E18BB5 /* Answer.swift in Sources */,
				BAAE6397241EA1BD001DC2CF /* String+Ext.swift in Sources */,
				BACFD0E0241F3D7900E18BB5 /* AnswerCell.swift in Sources */,
				BA31F89E241C192E003E9BBB /* AppDelegate.swift in Sources */,
				BA460E70241F5807000D541C /* UserProfile.swift in Sources */,
			);
			runOnlyForDeploymentPostprocessing = 0;
		};
/* End PBXSourcesBuildPhase section */

/* Begin PBXVariantGroup section */
		BA31F8A3241C192E003E9BBB /* Main.storyboard */ = {
			isa = PBXVariantGroup;
			children = (
				BA31F8A4241C192E003E9BBB /* Base */,
			);
			name = Main.storyboard;
			sourceTree = "<group>";
		};
		BA31F8AB241C192F003E9BBB /* LaunchScreen.storyboard */ = {
			isa = PBXVariantGroup;
			children = (
				BA31F8AC241C192F003E9BBB /* Base */,
			);
			name = LaunchScreen.storyboard;
			sourceTree = "<group>";
		};
/* End PBXVariantGroup section */

/* Begin XCBuildConfiguration section */
		BA31F8AF241C192F003E9BBB /* Debug */ = {
			isa = XCBuildConfiguration;
			buildSettings = {
				ALWAYS_SEARCH_USER_PATHS = NO;
				CLANG_ANALYZER_NONNULL = YES;
				CLANG_ANALYZER_NUMBER_OBJECT_CONVERSION = YES_AGGRESSIVE;
				CLANG_CXX_LANGUAGE_STANDARD = "gnu++14";
				CLANG_CXX_LIBRARY = "libc++";
				CLANG_ENABLE_MODULES = YES;
				CLANG_ENABLE_OBJC_ARC = YES;
				CLANG_ENABLE_OBJC_WEAK = YES;
				CLANG_WARN_BLOCK_CAPTURE_AUTORELEASING = YES;
				CLANG_WARN_BOOL_CONVERSION = YES;
				CLANG_WARN_COMMA = YES;
				CLANG_WARN_CONSTANT_CONVERSION = YES;
				CLANG_WARN_DEPRECATED_OBJC_IMPLEMENTATIONS = YES;
				CLANG_WARN_DIRECT_OBJC_ISA_USAGE = YES_ERROR;
				CLANG_WARN_DOCUMENTATION_COMMENTS = YES;
				CLANG_WARN_EMPTY_BODY = YES;
				CLANG_WARN_ENUM_CONVERSION = YES;
				CLANG_WARN_INFINITE_RECURSION = YES;
				CLANG_WARN_INT_CONVERSION = YES;
				CLANG_WARN_NON_LITERAL_NULL_CONVERSION = YES;
				CLANG_WARN_OBJC_IMPLICIT_RETAIN_SELF = YES;
				CLANG_WARN_OBJC_LITERAL_CONVERSION = YES;
				CLANG_WARN_OBJC_ROOT_CLASS = YES_ERROR;
				CLANG_WARN_RANGE_LOOP_ANALYSIS = YES;
				CLANG_WARN_STRICT_PROTOTYPES = YES;
				CLANG_WARN_SUSPICIOUS_MOVE = YES;
				CLANG_WARN_UNGUARDED_AVAILABILITY = YES_AGGRESSIVE;
				CLANG_WARN_UNREACHABLE_CODE = YES;
				CLANG_WARN__DUPLICATE_METHOD_MATCH = YES;
				COPY_PHASE_STRIP = NO;
				DEBUG_INFORMATION_FORMAT = dwarf;
				ENABLE_STRICT_OBJC_MSGSEND = YES;
				ENABLE_TESTABILITY = YES;
				GCC_C_LANGUAGE_STANDARD = gnu11;
				GCC_DYNAMIC_NO_PIC = NO;
				GCC_NO_COMMON_BLOCKS = YES;
				GCC_OPTIMIZATION_LEVEL = 0;
				GCC_PREPROCESSOR_DEFINITIONS = (
					"DEBUG=1",
					"$(inherited)",
				);
				GCC_WARN_64_TO_32_BIT_CONVERSION = YES;
				GCC_WARN_ABOUT_RETURN_TYPE = YES_ERROR;
				GCC_WARN_UNDECLARED_SELECTOR = YES;
				GCC_WARN_UNINITIALIZED_AUTOS = YES_AGGRESSIVE;
				GCC_WARN_UNUSED_FUNCTION = YES;
				GCC_WARN_UNUSED_VARIABLE = YES;
				IPHONEOS_DEPLOYMENT_TARGET = 13.2;
				MTL_ENABLE_DEBUG_INFO = INCLUDE_SOURCE;
				MTL_FAST_MATH = YES;
				ONLY_ACTIVE_ARCH = YES;
				SDKROOT = iphoneos;
				SWIFT_ACTIVE_COMPILATION_CONDITIONS = DEBUG;
				SWIFT_OPTIMIZATION_LEVEL = "-Onone";
			};
			name = Debug;
		};
		BA31F8B0241C192F003E9BBB /* Release */ = {
			isa = XCBuildConfiguration;
			buildSettings = {
				ALWAYS_SEARCH_USER_PATHS = NO;
				CLANG_ANALYZER_NONNULL = YES;
				CLANG_ANALYZER_NUMBER_OBJECT_CONVERSION = YES_AGGRESSIVE;
				CLANG_CXX_LANGUAGE_STANDARD = "gnu++14";
				CLANG_CXX_LIBRARY = "libc++";
				CLANG_ENABLE_MODULES = YES;
				CLANG_ENABLE_OBJC_ARC = YES;
				CLANG_ENABLE_OBJC_WEAK = YES;
				CLANG_WARN_BLOCK_CAPTURE_AUTORELEASING = YES;
				CLANG_WARN_BOOL_CONVERSION = YES;
				CLANG_WARN_COMMA = YES;
				CLANG_WARN_CONSTANT_CONVERSION = YES;
				CLANG_WARN_DEPRECATED_OBJC_IMPLEMENTATIONS = YES;
				CLANG_WARN_DIRECT_OBJC_ISA_USAGE = YES_ERROR;
				CLANG_WARN_DOCUMENTATION_COMMENTS = YES;
				CLANG_WARN_EMPTY_BODY = YES;
				CLANG_WARN_ENUM_CONVERSION = YES;
				CLANG_WARN_INFINITE_RECURSION = YES;
				CLANG_WARN_INT_CONVERSION = YES;
				CLANG_WARN_NON_LITERAL_NULL_CONVERSION = YES;
				CLANG_WARN_OBJC_IMPLICIT_RETAIN_SELF = YES;
				CLANG_WARN_OBJC_LITERAL_CONVERSION = YES;
				CLANG_WARN_OBJC_ROOT_CLASS = YES_ERROR;
				CLANG_WARN_RANGE_LOOP_ANALYSIS = YES;
				CLANG_WARN_STRICT_PROTOTYPES = YES;
				CLANG_WARN_SUSPICIOUS_MOVE = YES;
				CLANG_WARN_UNGUARDED_AVAILABILITY = YES_AGGRESSIVE;
				CLANG_WARN_UNREACHABLE_CODE = YES;
				CLANG_WARN__DUPLICATE_METHOD_MATCH = YES;
				COPY_PHASE_STRIP = NO;
				DEBUG_INFORMATION_FORMAT = "dwarf-with-dsym";
				ENABLE_NS_ASSERTIONS = NO;
				ENABLE_STRICT_OBJC_MSGSEND = YES;
				GCC_C_LANGUAGE_STANDARD = gnu11;
				GCC_NO_COMMON_BLOCKS = YES;
				GCC_WARN_64_TO_32_BIT_CONVERSION = YES;
				GCC_WARN_ABOUT_RETURN_TYPE = YES_ERROR;
				GCC_WARN_UNDECLARED_SELECTOR = YES;
				GCC_WARN_UNINITIALIZED_AUTOS = YES_AGGRESSIVE;
				GCC_WARN_UNUSED_FUNCTION = YES;
				GCC_WARN_UNUSED_VARIABLE = YES;
				IPHONEOS_DEPLOYMENT_TARGET = 13.2;
				MTL_ENABLE_DEBUG_INFO = NO;
				MTL_FAST_MATH = YES;
				SDKROOT = iphoneos;
				SWIFT_COMPILATION_MODE = wholemodule;
				SWIFT_OPTIMIZATION_LEVEL = "-O";
				VALIDATE_PRODUCT = YES;
			};
			name = Release;
		};
		BA31F8B2241C192F003E9BBB /* Debug */ = {
			isa = XCBuildConfiguration;
			buildSettings = {
				ASSETCATALOG_COMPILER_APPICON_NAME = AppIcon;
				CODE_SIGN_STYLE = Automatic;
				DEVELOPMENT_TEAM = 97AVL57GTN;
				INFOPLIST_FILE = StackOverFlowApp/Info.plist;
				IPHONEOS_DEPLOYMENT_TARGET = 9.0;
				LD_RUNPATH_SEARCH_PATHS = (
					"$(inherited)",
					"@executable_path/Frameworks",
				);
				PRODUCT_BUNDLE_IDENTIFIER = com.slava.stackoverflow.StackOverFlowApp;
				PRODUCT_NAME = "$(TARGET_NAME)";
				SWIFT_VERSION = 5.0;
				TARGETED_DEVICE_FAMILY = 1;
			};
			name = Debug;
		};
		BA31F8B3241C192F003E9BBB /* Release */ = {
			isa = XCBuildConfiguration;
			buildSettings = {
				ASSETCATALOG_COMPILER_APPICON_NAME = AppIcon;
				CODE_SIGN_STYLE = Automatic;
				DEVELOPMENT_TEAM = 97AVL57GTN;
				INFOPLIST_FILE = StackOverFlowApp/Info.plist;
				IPHONEOS_DEPLOYMENT_TARGET = 9.0;
				LD_RUNPATH_SEARCH_PATHS = (
					"$(inherited)",
					"@executable_path/Frameworks",
				);
				PRODUCT_BUNDLE_IDENTIFIER = com.slava.stackoverflow.StackOverFlowApp;
				PRODUCT_NAME = "$(TARGET_NAME)";
				SWIFT_VERSION = 5.0;
				TARGETED_DEVICE_FAMILY = 1;
			};
			name = Release;
		};
/* End XCBuildConfiguration section */

/* Begin XCConfigurationList section */
		BA31F895241C192E003E9BBB /* Build configuration list for PBXProject "StackOverFlowApp" */ = {
			isa = XCConfigurationList;
			buildConfigurations = (
				BA31F8AF241C192F003E9BBB /* Debug */,
				BA31F8B0241C192F003E9BBB /* Release */,
			);
			defaultConfigurationIsVisible = 0;
			defaultConfigurationName = Release;
		};
		BA31F8B1241C192F003E9BBB /* Build configuration list for PBXNativeTarget "StackOverFlowApp" */ = {
			isa = XCConfigurationList;
			buildConfigurations = (
				BA31F8B2241C192F003E9BBB /* Debug */,
				BA31F8B3241C192F003E9BBB /* Release */,
			);
			defaultConfigurationIsVisible = 0;
			defaultConfigurationName = Release;
		};
/* End XCConfigurationList section */

/* Begin XCVersionGroup section */
		BA31F8A6241C192E003E9BBB /* StackOverFlowApp.xcdatamodeld */ = {
			isa = XCVersionGroup;
			children = (
				BA31F8A7241C192E003E9BBB /* StackOverFlowApp.xcdatamodel */,
			);
			currentVersion = BA31F8A7241C192E003E9BBB /* StackOverFlowApp.xcdatamodel */;
			path = StackOverFlowApp.xcdatamodeld;
			sourceTree = "<group>";
			versionGroupType = wrapper.xcdatamodel;
		};
/* End XCVersionGroup section */
	};
	rootObject = BA31F892241C192E003E9BBB /* Project object */;
}
